
Microsoft Visual Studio Solution File, Format Version 12.00
# Visual Studio Version 16
VisualStudioVersion = 16.0.28729.10
MinimumVisualStudioVersion = 10.0.40219.1
Project("{9A19103F-16F7-4668-BE54-9A1E7A4F7556}") = "ScriptServerStation", "ScriptServerStation\ScriptServerStation.csproj", "{7CEDBE68-F53B-4B90-82D3-CACC4B2A9D1D}"
EndProject
Global
	GlobalSection(SolutionConfigurationPlatforms) = preSolution
		Debug|Any CPU = Debug|Any CPU
		Release|Any CPU = Release|Any CPU
	EndGlobalSection
	GlobalSection(ProjectConfigurationPlatforms) = postSolution
		{7CEDBE68-F53B-4B90-82D3-CACC4B2A9D1D}.Debug|Any CPU.ActiveCfg = Debug|Any CPU
		{7CEDBE68-F53B-4B90-82D3-CACC4B2A9D1D}.Debug|Any CPU.Build.0 = Debug|Any CPU
		{7CEDBE68-F53B-4B90-82D3-CACC4B2A9D1D}.Release|Any CPU.ActiveCfg = Release|Any CPU
		{7CEDBE68-F53B-4B90-82D3-CACC4B2A9D1D}.Release|Any CPU.Build.0 = Release|Any CPU
	EndGlobalSection
	GlobalSection(SolutionProperties) = preSolution
		HideSolutionNode = FALSE
	EndGlobalSection
	GlobalSection(ExtensibilityGlobals) = postSolution
		SolutionGuid = {4EBC934F-E6CE-475E-8195-3D9B86E0A863}
	EndGlobalSection
EndGlobal
