
Microsoft Visual Studio Solution File, Format Version 12.00
# Visual Studio 15
VisualStudioVersion = 15.0.27428.2005
MinimumVisualStudioVersion = 10.0.40219.1
Project("{9A19103F-16F7-4668-BE54-9A1E7A4F7556}") = "ScriptServerStation", "ScriptServerStation\ScriptServerStation.csproj", "{7CEDBE68-F53B-4B90-82D3-CACC4B2A9D1D}"
EndProject
Project("{9A19103F-16F7-4668-BE54-9A1E7A4F7556}") = "DataBaseController", "..\DataBaseController\DataBaseController.csproj", "{DFE00873-2A5B-472D-BF1D-2A2608035449}"
EndProject
Project("{9A19103F-16F7-4668-BE54-9A1E7A4F7556}") = "ScriptControllerLib", "ScriptControllerLib\ScriptControllerLib.csproj", "{02DEA17D-A080-4212-833C-102DDDA53BBE}"
EndProject
Project("{9A19103F-16F7-4668-BE54-9A1E7A4F7556}") = "CoreHelper", "CoreHelper\CoreHelper.csproj", "{7F6432CE-9198-4751-8FFE-CEDFCB87E92C}"
EndProject
Project("{9A19103F-16F7-4668-BE54-9A1E7A4F7556}") = "ScriptServerStation.Tests", "ScriptServerStation.Tests\ScriptServerStation.Tests.csproj", "{6222E38B-CDE2-4E7B-9EFA-027AA1B74C03}"
EndProject
Project("{9A19103F-16F7-4668-BE54-9A1E7A4F7556}") = "Api", "Api\Api.csproj", "{D41E939C-85A6-4565-BF2D-4A1EC7884732}"
EndProject
Global
	GlobalSection(SolutionConfigurationPlatforms) = preSolution
		Debug|Any CPU = Debug|Any CPU
		Release|Any CPU = Release|Any CPU
	EndGlobalSection
	GlobalSection(ProjectConfigurationPlatforms) = postSolution
		{7CEDBE68-F53B-4B90-82D3-CACC4B2A9D1D}.Debug|Any CPU.ActiveCfg = Debug|Any CPU
		{7CEDBE68-F53B-4B90-82D3-CACC4B2A9D1D}.Debug|Any CPU.Build.0 = Debug|Any CPU
		{7CEDBE68-F53B-4B90-82D3-CACC4B2A9D1D}.Release|Any CPU.ActiveCfg = Release|Any CPU
		{7CEDBE68-F53B-4B90-82D3-CACC4B2A9D1D}.Release|Any CPU.Build.0 = Release|Any CPU
		{DFE00873-2A5B-472D-BF1D-2A2608035449}.Debug|Any CPU.ActiveCfg = Debug|Any CPU
		{DFE00873-2A5B-472D-BF1D-2A2608035449}.Debug|Any CPU.Build.0 = Debug|Any CPU
		{DFE00873-2A5B-472D-BF1D-2A2608035449}.Release|Any CPU.ActiveCfg = Release|Any CPU
		{DFE00873-2A5B-472D-BF1D-2A2608035449}.Release|Any CPU.Build.0 = Release|Any CPU
		{02DEA17D-A080-4212-833C-102DDDA53BBE}.Debug|Any CPU.ActiveCfg = Debug|Any CPU
		{02DEA17D-A080-4212-833C-102DDDA53BBE}.Debug|Any CPU.Build.0 = Debug|Any CPU
		{02DEA17D-A080-4212-833C-102DDDA53BBE}.Release|Any CPU.ActiveCfg = Release|Any CPU
		{02DEA17D-A080-4212-833C-102DDDA53BBE}.Release|Any CPU.Build.0 = Release|Any CPU
		{7F6432CE-9198-4751-8FFE-CEDFCB87E92C}.Debug|Any CPU.ActiveCfg = Debug|Any CPU
		{7F6432CE-9198-4751-8FFE-CEDFCB87E92C}.Debug|Any CPU.Build.0 = Debug|Any CPU
		{7F6432CE-9198-4751-8FFE-CEDFCB87E92C}.Release|Any CPU.ActiveCfg = Release|Any CPU
		{7F6432CE-9198-4751-8FFE-CEDFCB87E92C}.Release|Any CPU.Build.0 = Release|Any CPU
		{6222E38B-CDE2-4E7B-9EFA-027AA1B74C03}.Debug|Any CPU.ActiveCfg = Debug|Any CPU
		{6222E38B-CDE2-4E7B-9EFA-027AA1B74C03}.Debug|Any CPU.Build.0 = Debug|Any CPU
		{6222E38B-CDE2-4E7B-9EFA-027AA1B74C03}.Release|Any CPU.ActiveCfg = Release|Any CPU
		{6222E38B-CDE2-4E7B-9EFA-027AA1B74C03}.Release|Any CPU.Build.0 = Release|Any CPU
		{D41E939C-85A6-4565-BF2D-4A1EC7884732}.Debug|Any CPU.ActiveCfg = Debug|Any CPU
		{D41E939C-85A6-4565-BF2D-4A1EC7884732}.Debug|Any CPU.Build.0 = Debug|Any CPU
		{D41E939C-85A6-4565-BF2D-4A1EC7884732}.Release|Any CPU.ActiveCfg = Release|Any CPU
		{D41E939C-85A6-4565-BF2D-4A1EC7884732}.Release|Any CPU.Build.0 = Release|Any CPU
	EndGlobalSection
	GlobalSection(SolutionProperties) = preSolution
		HideSolutionNode = FALSE
	EndGlobalSection
	GlobalSection(ExtensibilityGlobals) = postSolution
		SolutionGuid = {4EBC934F-E6CE-475E-8195-3D9B86E0A863}
	EndGlobalSection
EndGlobal
